// !$*UTF8*$!
{
	archiveVersion = 1;
	classes = {
	};
	objectVersion = 56;
	objects = {

/* Begin PBXBuildFile section */
		63BEC076290A0B02006487BC /* AppDelegate.swift in Sources */ = {isa = PBXBuildFile; fileRef = 63BEC075290A0B02006487BC /* AppDelegate.swift */; };
		63BEC078290A0B02006487BC /* SceneDelegate.swift in Sources */ = {isa = PBXBuildFile; fileRef = 63BEC077290A0B02006487BC /* SceneDelegate.swift */; };
		63BEC07D290A0B02006487BC /* Main.storyboard in Resources */ = {isa = PBXBuildFile; fileRef = 63BEC07B290A0B02006487BC /* Main.storyboard */; };
		63BEC07F290A0B04006487BC /* Assets.xcassets in Resources */ = {isa = PBXBuildFile; fileRef = 63BEC07E290A0B04006487BC /* Assets.xcassets */; };
		63BEC082290A0B04006487BC /* LaunchScreen.storyboard in Resources */ = {isa = PBXBuildFile; fileRef = 63BEC080290A0B04006487BC /* LaunchScreen.storyboard */; };
		63BEC08B290A0E41006487BC /* FirstViewController.swift in Sources */ = {isa = PBXBuildFile; fileRef = 63BEC08A290A0E41006487BC /* FirstViewController.swift */; };
		63BEC08D290A0E89006487BC /* FirstTableViewCell.swift in Sources */ = {isa = PBXBuildFile; fileRef = 63BEC08C290A0E89006487BC /* FirstTableViewCell.swift */; };
		63BEC090290A0FBD006487BC /* SecondViewController.swift in Sources */ = {isa = PBXBuildFile; fileRef = 63BEC08F290A0FBD006487BC /* SecondViewController.swift */; };
		63BEC093290A1EEC006487BC /* Model.swift in Sources */ = {isa = PBXBuildFile; fileRef = 63BEC092290A1EEC006487BC /* Model.swift */; };
		8BEDF6F67DD2536FE37334DC /* Pods_DayAt.framework in Frameworks */ = {isa = PBXBuildFile; fileRef = 4D25EF7D925AD25151370561 /* Pods_DayAt.framework */; };
/* End PBXBuildFile section */

/* Begin PBXFileReference section */
		4D25EF7D925AD25151370561 /* Pods_DayAt.framework */ = {isa = PBXFileReference; explicitFileType = wrapper.framework; includeInIndex = 0; path = Pods_DayAt.framework; sourceTree = BUILT_PRODUCTS_DIR; };
		63BEC072290A0B02006487BC /* DayAt.app */ = {isa = PBXFileReference; explicitFileType = wrapper.application; includeInIndex = 0; path = DayAt.app; sourceTree = BUILT_PRODUCTS_DIR; };
		63BEC075290A0B02006487BC /* AppDelegate.swift */ = {isa = PBXFileReference; lastKnownFileType = sourcecode.swift; path = AppDelegate.swift; sourceTree = "<group>"; };
		63BEC077290A0B02006487BC /* SceneDelegate.swift */ = {isa = PBXFileReference; lastKnownFileType = sourcecode.swift; path = SceneDelegate.swift; sourceTree = "<group>"; };
		63BEC07C290A0B02006487BC /* Base */ = {isa = PBXFileReference; lastKnownFileType = file.storyboard; name = Base; path = Base.lproj/Main.storyboard; sourceTree = "<group>"; };
		63BEC07E290A0B04006487BC /* Assets.xcassets */ = {isa = PBXFileReference; lastKnownFileType = folder.assetcatalog; path = Assets.xcassets; sourceTree = "<group>"; };
		63BEC081290A0B04006487BC /* Base */ = {isa = PBXFileReference; lastKnownFileType = file.storyboard; name = Base; path = Base.lproj/LaunchScreen.storyboard; sourceTree = "<group>"; };
		63BEC083290A0B04006487BC /* Info.plist */ = {isa = PBXFileReference; lastKnownFileType = text.plist.xml; path = Info.plist; sourceTree = "<group>"; };
		63BEC08A290A0E41006487BC /* FirstViewController.swift */ = {isa = PBXFileReference; lastKnownFileType = sourcecode.swift; path = FirstViewController.swift; sourceTree = "<group>"; };
		63BEC08C290A0E89006487BC /* FirstTableViewCell.swift */ = {isa = PBXFileReference; lastKnownFileType = sourcecode.swift; path = FirstTableViewCell.swift; sourceTree = "<group>"; };
		63BEC08F290A0FBD006487BC /* SecondViewController.swift */ = {isa = PBXFileReference; lastKnownFileType = sourcecode.swift; path = SecondViewController.swift; sourceTree = "<group>"; };
		63BEC092290A1EEC006487BC /* Model.swift */ = {isa = PBXFileReference; lastKnownFileType = sourcecode.swift; path = Model.swift; sourceTree = "<group>"; };
		A1A6C1D8DBD6EA670726AC8B /* Pods-DayAt.debug.xcconfig */ = {isa = PBXFileReference; includeInIndex = 1; lastKnownFileType = text.xcconfig; name = "Pods-DayAt.debug.xcconfig"; path = "Target Support Files/Pods-DayAt/Pods-DayAt.debug.xcconfig"; sourceTree = "<group>"; };
		AA21BD9332694E9275BC6242 /* Pods-DayAt.release.xcconfig */ = {isa = PBXFileReference; includeInIndex = 1; lastKnownFileType = text.xcconfig; name = "Pods-DayAt.release.xcconfig"; path = "Target Support Files/Pods-DayAt/Pods-DayAt.release.xcconfig"; sourceTree = "<group>"; };
/* End PBXFileReference section */

/* Begin PBXFrameworksBuildPhase section */
		63BEC06F290A0B02006487BC /* Frameworks */ = {
			isa = PBXFrameworksBuildPhase;
			buildActionMask = 2147483647;
			files = (
				8BEDF6F67DD2536FE37334DC /* Pods_DayAt.framework in Frameworks */,
			);
			runOnlyForDeploymentPostprocessing = 0;
		};
/* End PBXFrameworksBuildPhase section */

/* Begin PBXGroup section */
		42E8E3FC74C0AF683FA69724 /* Frameworks */ = {
			isa = PBXGroup;
			children = (
				4D25EF7D925AD25151370561 /* Pods_DayAt.framework */,
			);
			name = Frameworks;
			sourceTree = "<group>";
		};
		63BEC069290A0B02006487BC = {
			isa = PBXGroup;
			children = (
				63BEC091290A1EE2006487BC /* Model */,
				63BEC089290A0E0C006487BC /* FistView */,
				63BEC08E290A0FA6006487BC /* SecondView */,
				63BEC074290A0B02006487BC /* DayAt */,
				63BEC073290A0B02006487BC /* Products */,
				819F48578A97B9F2E28D83AD /* Pods */,
				42E8E3FC74C0AF683FA69724 /* Frameworks */,
			);
			sourceTree = "<group>";
		};
		63BEC073290A0B02006487BC /* Products */ = {
			isa = PBXGroup;
			children = (
				63BEC072290A0B02006487BC /* DayAt.app */,
			);
			name = Products;
			sourceTree = "<group>";
		};
		63BEC074290A0B02006487BC /* DayAt */ = {
			isa = PBXGroup;
			children = (
				63BEC075290A0B02006487BC /* AppDelegate.swift */,
				63BEC077290A0B02006487BC /* SceneDelegate.swift */,
				63BEC07B290A0B02006487BC /* Main.storyboard */,
				63BEC07E290A0B04006487BC /* Assets.xcassets */,
				63BEC080290A0B04006487BC /* LaunchScreen.storyboard */,
				63BEC083290A0B04006487BC /* Info.plist */,
			);
			path = DayAt;
			sourceTree = "<group>";
		};
		63BEC089290A0E0C006487BC /* FistView */ = {
			isa = PBXGroup;
			children = (
				63BEC08A290A0E41006487BC /* FirstViewController.swift */,
				63BEC08C290A0E89006487BC /* FirstTableViewCell.swift */,
			);
			path = FistView;
			sourceTree = "<group>";
		};
		63BEC08E290A0FA6006487BC /* SecondView */ = {
			isa = PBXGroup;
			children = (
				63BEC08F290A0FBD006487BC /* SecondViewController.swift */,
			);
			path = SecondView;
			sourceTree = "<group>";
		};
		63BEC091290A1EE2006487BC /* Model */ = {
			isa = PBXGroup;
			children = (
				63BEC092290A1EEC006487BC /* Model.swift */,
			);
			path = Model;
			sourceTree = "<group>";
		};
		819F48578A97B9F2E28D83AD /* Pods */ = {
			isa = PBXGroup;
			children = (
				A1A6C1D8DBD6EA670726AC8B /* Pods-DayAt.debug.xcconfig */,
				AA21BD9332694E9275BC6242 /* Pods-DayAt.release.xcconfig */,
			);
			path = Pods;
			sourceTree = "<group>";
		};
/* End PBXGroup section */

/* Begin PBXNativeTarget section */
		63BEC071290A0B02006487BC /* DayAt */ = {
			isa = PBXNativeTarget;
			buildConfigurationList = 63BEC086290A0B04006487BC /* Build configuration list for PBXNativeTarget "DayAt" */;
			buildPhases = (
				199350A08ACF62CC74E45F06 /* [CP] Check Pods Manifest.lock */,
				63BEC06E290A0B02006487BC /* Sources */,
				63BEC06F290A0B02006487BC /* Frameworks */,
				63BEC070290A0B02006487BC /* Resources */,
				5E1026DB223318C2C52749B0 /* [CP] Embed Pods Frameworks */,
			);
			buildRules = (
			);
			dependencies = (
			);
			name = DayAt;
			productName = DayAt;
			productReference = 63BEC072290A0B02006487BC /* DayAt.app */;
			productType = "com.apple.product-type.application";
		};
/* End PBXNativeTarget section */

/* Begin PBXProject section */
		63BEC06A290A0B02006487BC /* Project object */ = {
			isa = PBXProject;
			attributes = {
				BuildIndependentTargetsInParallel = 1;
				LastSwiftUpdateCheck = 1400;
				LastUpgradeCheck = 1400;
				TargetAttributes = {
					63BEC071290A0B02006487BC = {
						CreatedOnToolsVersion = 14.0;
					};
				};
			};
			buildConfigurationList = 63BEC06D290A0B02006487BC /* Build configuration list for PBXProject "DayAt" */;
			compatibilityVersion = "Xcode 14.0";
			developmentRegion = en;
			hasScannedForEncodings = 0;
			knownRegions = (
				en,
				Base,
			);
			mainGroup = 63BEC069290A0B02006487BC;
			productRefGroup = 63BEC073290A0B02006487BC /* Products */;
			projectDirPath = "";
			projectRoot = "";
			targets = (
				63BEC071290A0B02006487BC /* DayAt */,
			);
		};
/* End PBXProject section */

/* Begin PBXResourcesBuildPhase section */
		63BEC070290A0B02006487BC /* Resources */ = {
			isa = PBXResourcesBuildPhase;
			buildActionMask = 2147483647;
			files = (
				63BEC082290A0B04006487BC /* LaunchScreen.storyboard in Resources */,
				63BEC07F290A0B04006487BC /* Assets.xcassets in Resources */,
				63BEC07D290A0B02006487BC /* Main.storyboard in Resources */,
			);
			runOnlyForDeploymentPostprocessing = 0;
		};
/* End PBXResourcesBuildPhase section */

/* Begin PBXShellScriptBuildPhase section */
		199350A08ACF62CC74E45F06 /* [CP] Check Pods Manifest.lock */ = {
			isa = PBXShellScriptBuildPhase;
			buildActionMask = 2147483647;
			files = (
			);
			inputFileListPaths = (
			);
			inputPaths = (
				"${PODS_PODFILE_DIR_PATH}/Podfile.lock",
				"${PODS_ROOT}/Manifest.lock",
			);
			name = "[CP] Check Pods Manifest.lock";
			outputFileListPaths = (
			);
			outputPaths = (
				"$(DERIVED_FILE_DIR)/Pods-DayAt-checkManifestLockResult.txt",
			);
			runOnlyForDeploymentPostprocessing = 0;
			shellPath = /bin/sh;
			shellScript = "diff \"${PODS_PODFILE_DIR_PATH}/Podfile.lock\" \"${PODS_ROOT}/Manifest.lock\" > /dev/null\nif [ $? != 0 ] ; then\n    # print error to STDERR\n    echo \"error: The sandbox is not in sync with the Podfile.lock. Run 'pod install' or update your CocoaPods installation.\" >&2\n    exit 1\nfi\n# This output is used by Xcode 'outputs' to avoid re-running this script phase.\necho \"SUCCESS\" > \"${SCRIPT_OUTPUT_FILE_0}\"\n";
			showEnvVarsInLog = 0;
		};
		5E1026DB223318C2C52749B0 /* [CP] Embed Pods Frameworks */ = {
			isa = PBXShellScriptBuildPhase;
			buildActionMask = 2147483647;
			files = (
			);
			inputFileListPaths = (
				"${PODS_ROOT}/Target Support Files/Pods-DayAt/Pods-DayAt-frameworks-${CONFIGURATION}-input-files.xcfilelist",
			);
			name = "[CP] Embed Pods Frameworks";
			outputFileListPaths = (
				"${PODS_ROOT}/Target Support Files/Pods-DayAt/Pods-DayAt-frameworks-${CONFIGURATION}-output-files.xcfilelist",
			);
			runOnlyForDeploymentPostprocessing = 0;
			shellPath = /bin/sh;
			shellScript = "\"${PODS_ROOT}/Target Support Files/Pods-DayAt/Pods-DayAt-frameworks.sh\"\n";
			showEnvVarsInLog = 0;
		};
/* End PBXShellScriptBuildPhase section */

/* Begin PBXSourcesBuildPhase section */
		63BEC06E290A0B02006487BC /* Sources */ = {
			isa = PBXSourcesBuildPhase;
			buildActionMask = 2147483647;
			files = (
				63BEC08B290A0E41006487BC /* FirstViewController.swift in Sources */,
				63BEC076290A0B02006487BC /* AppDelegate.swift in Sources */,
				63BEC08D290A0E89006487BC /* FirstTableViewCell.swift in Sources */,
				63BEC093290A1EEC006487BC /* Model.swift in Sources */,
				63BEC090290A0FBD006487BC /* SecondViewController.swift in Sources */,
				63BEC078290A0B02006487BC /* SceneDelegate.swift in Sources */,
			);
			runOnlyForDeploymentPostprocessing = 0;
		};
/* End PBXSourcesBuildPhase section */

/* Begin PBXVariantGroup section */
		63BEC07B290A0B02006487BC /* Main.storyboard */ = {
			isa = PBXVariantGroup;
			children = (
				63BEC07C290A0B02006487BC /* Base */,
			);
			name = Main.storyboard;
			sourceTree = "<group>";
		};
		63BEC080290A0B04006487BC /* LaunchScreen.storyboard */ = {
			isa = PBXVariantGroup;
			children = (
				63BEC081290A0B04006487BC /* Base */,
			);
			name = LaunchScreen.storyboard;
			sourceTree = "<group>";
		};
/* End PBXVariantGroup section */

/* Begin XCBuildConfiguration section */
		63BEC084290A0B04006487BC /* Debug */ = {
			isa = XCBuildConfiguration;
			buildSettings = {
				ALWAYS_SEARCH_USER_PATHS = NO;
				CLANG_ANALYZER_NONNULL = YES;
				CLANG_ANALYZER_NUMBER_OBJECT_CONVERSION = YES_AGGRESSIVE;
				CLANG_CXX_LANGUAGE_STANDARD = "gnu++20";
				CLANG_ENABLE_MODULES = YES;
				CLANG_ENABLE_OBJC_ARC = YES;
				CLANG_ENABLE_OBJC_WEAK = YES;
				CLANG_WARN_BLOCK_CAPTURE_AUTORELEASING = YES;
				CLANG_WARN_BOOL_CONVERSION = YES;
				CLANG_WARN_COMMA = YES;
				CLANG_WARN_CONSTANT_CONVERSION = YES;
				CLANG_WARN_DEPRECATED_OBJC_IMPLEMENTATIONS = YES;
				CLANG_WARN_DIRECT_OBJC_ISA_USAGE = YES_ERROR;
				CLANG_WARN_DOCUMENTATION_COMMENTS = YES;
				CLANG_WARN_EMPTY_BODY = YES;
				CLANG_WARN_ENUM_CONVERSION = YES;
				CLANG_WARN_INFINITE_RECURSION = YES;
				CLANG_WARN_INT_CONVERSION = YES;
				CLANG_WARN_NON_LITERAL_NULL_CONVERSION = YES;
				CLANG_WARN_OBJC_IMPLICIT_RETAIN_SELF = YES;
				CLANG_WARN_OBJC_LITERAL_CONVERSION = YES;
				CLANG_WARN_OBJC_ROOT_CLASS = YES_ERROR;
				CLANG_WARN_QUOTED_INCLUDE_IN_FRAMEWORK_HEADER = YES;
				CLANG_WARN_RANGE_LOOP_ANALYSIS = YES;
				CLANG_WARN_STRICT_PROTOTYPES = YES;
				CLANG_WARN_SUSPICIOUS_MOVE = YES;
				CLANG_WARN_UNGUARDED_AVAILABILITY = YES_AGGRESSIVE;
				CLANG_WARN_UNREACHABLE_CODE = YES;
				CLANG_WARN__DUPLICATE_METHOD_MATCH = YES;
				COPY_PHASE_STRIP = NO;
				DEBUG_INFORMATION_FORMAT = dwarf;
				ENABLE_STRICT_OBJC_MSGSEND = YES;
				ENABLE_TESTABILITY = YES;
				GCC_C_LANGUAGE_STANDARD = gnu11;
				GCC_DYNAMIC_NO_PIC = NO;
				GCC_NO_COMMON_BLOCKS = YES;
				GCC_OPTIMIZATION_LEVEL = 0;
				GCC_PREPROCESSOR_DEFINITIONS = (
					"DEBUG=1",
					"$(inherited)",
				);
				GCC_WARN_64_TO_32_BIT_CONVERSION = YES;
				GCC_WARN_ABOUT_RETURN_TYPE = YES_ERROR;
				GCC_WARN_UNDECLARED_SELECTOR = YES;
				GCC_WARN_UNINITIALIZED_AUTOS = YES_AGGRESSIVE;
				GCC_WARN_UNUSED_FUNCTION = YES;
				GCC_WARN_UNUSED_VARIABLE = YES;
				IPHONEOS_DEPLOYMENT_TARGET = 16.0;
				MTL_ENABLE_DEBUG_INFO = INCLUDE_SOURCE;
				MTL_FAST_MATH = YES;
				ONLY_ACTIVE_ARCH = YES;
				SDKROOT = iphoneos;
				SWIFT_ACTIVE_COMPILATION_CONDITIONS = DEBUG;
				SWIFT_OPTIMIZATION_LEVEL = "-Onone";
			};
			name = Debug;
		};
		63BEC085290A0B04006487BC /* Release */ = {
			isa = XCBuildConfiguration;
			buildSettings = {
				ALWAYS_SEARCH_USER_PATHS = NO;
				CLANG_ANALYZER_NONNULL = YES;
				CLANG_ANALYZER_NUMBER_OBJECT_CONVERSION = YES_AGGRESSIVE;
				CLANG_CXX_LANGUAGE_STANDARD = "gnu++20";
				CLANG_ENABLE_MODULES = YES;
				CLANG_ENABLE_OBJC_ARC = YES;
				CLANG_ENABLE_OBJC_WEAK = YES;
				CLANG_WARN_BLOCK_CAPTURE_AUTORELEASING = YES;
				CLANG_WARN_BOOL_CONVERSION = YES;
				CLANG_WARN_COMMA = YES;
				CLANG_WARN_CONSTANT_CONVERSION = YES;
				CLANG_WARN_DEPRECATED_OBJC_IMPLEMENTATIONS = YES;
				CLANG_WARN_DIRECT_OBJC_ISA_USAGE = YES_ERROR;
				CLANG_WARN_DOCUMENTATION_COMMENTS = YES;
				CLANG_WARN_EMPTY_BODY = YES;
				CLANG_WARN_ENUM_CONVERSION = YES;
				CLANG_WARN_INFINITE_RECURSION = YES;
				CLANG_WARN_INT_CONVERSION = YES;
				CLANG_WARN_NON_LITERAL_NULL_CONVERSION = YES;
				CLANG_WARN_OBJC_IMPLICIT_RETAIN_SELF = YES;
				CLANG_WARN_OBJC_LITERAL_CONVERSION = YES;
				CLANG_WARN_OBJC_ROOT_CLASS = YES_ERROR;
				CLANG_WARN_QUOTED_INCLUDE_IN_FRAMEWORK_HEADER = YES;
				CLANG_WARN_RANGE_LOOP_ANALYSIS = YES;
				CLANG_WARN_STRICT_PROTOTYPES = YES;
				CLANG_WARN_SUSPICIOUS_MOVE = YES;
				CLANG_WARN_UNGUARDED_AVAILABILITY = YES_AGGRESSIVE;
				CLANG_WARN_UNREACHABLE_CODE = YES;
				CLANG_WARN__DUPLICATE_METHOD_MATCH = YES;
				COPY_PHASE_STRIP = NO;
				DEBUG_INFORMATION_FORMAT = "dwarf-with-dsym";
				ENABLE_NS_ASSERTIONS = NO;
				ENABLE_STRICT_OBJC_MSGSEND = YES;
				GCC_C_LANGUAGE_STANDARD = gnu11;
				GCC_NO_COMMON_BLOCKS = YES;
				GCC_WARN_64_TO_32_BIT_CONVERSION = YES;
				GCC_WARN_ABOUT_RETURN_TYPE = YES_ERROR;
				GCC_WARN_UNDECLARED_SELECTOR = YES;
				GCC_WARN_UNINITIALIZED_AUTOS = YES_AGGRESSIVE;
				GCC_WARN_UNUSED_FUNCTION = YES;
				GCC_WARN_UNUSED_VARIABLE = YES;
				IPHONEOS_DEPLOYMENT_TARGET = 16.0;
				MTL_ENABLE_DEBUG_INFO = NO;
				MTL_FAST_MATH = YES;
				SDKROOT = iphoneos;
				SWIFT_COMPILATION_MODE = wholemodule;
				SWIFT_OPTIMIZATION_LEVEL = "-O";
				VALIDATE_PRODUCT = YES;
			};
			name = Release;
		};
		63BEC087290A0B04006487BC /* Debug */ = {
			isa = XCBuildConfiguration;
			baseConfigurationReference = A1A6C1D8DBD6EA670726AC8B /* Pods-DayAt.debug.xcconfig */;
			buildSettings = {
				ASSETCATALOG_COMPILER_APPICON_NAME = AppIcon;
				ASSETCATALOG_COMPILER_GLOBAL_ACCENT_COLOR_NAME = AccentColor;
				CODE_SIGN_STYLE = Automatic;
				CURRENT_PROJECT_VERSION = 1;
				GENERATE_INFOPLIST_FILE = YES;
				INFOPLIST_FILE = DayAt/Info.plist;
				INFOPLIST_KEY_UIApplicationSupportsIndirectInputEvents = YES;
				INFOPLIST_KEY_UILaunchStoryboardName = LaunchScreen;
				INFOPLIST_KEY_UIMainStoryboardFile = Main;
				INFOPLIST_KEY_UISupportedInterfaceOrientations_iPad = "UIInterfaceOrientationPortrait UIInterfaceOrientationPortraitUpsideDown UIInterfaceOrientationLandscapeLeft UIInterfaceOrientationLandscapeRight";
				INFOPLIST_KEY_UISupportedInterfaceOrientations_iPhone = "UIInterfaceOrientationPortrait UIInterfaceOrientationLandscapeLeft UIInterfaceOrientationLandscapeRight";
				IPHONEOS_DEPLOYMENT_TARGET = 14.0;
				LD_RUNPATH_SEARCH_PATHS = (
					"$(inherited)",
					"@executable_path/Frameworks",
				);
				MARKETING_VERSION = 1.0;
				PRODUCT_BUNDLE_IDENTIFIER = kr.co.hemg2.DayAt;
				PRODUCT_NAME = "$(TARGET_NAME)";
				SWIFT_EMIT_LOC_STRINGS = YES;
				SWIFT_VERSION = 5.0;
				TARGETED_DEVICE_FAMILY = "1,2";
			};
			name = Debug;
		};
		63BEC088290A0B04006487BC /* Release */ = {
			isa = XCBuildConfiguration;
			baseConfigurationReference = AA21BD9332694E9275BC6242 /* Pods-DayAt.release.xcconfig */;
			buildSettings = {
				ASSETCATALOG_COMPILER_APPICON_NAME = AppIcon;
				ASSETCATALOG_COMPILER_GLOBAL_ACCENT_COLOR_NAME = AccentColor;
				CODE_SIGN_STYLE = Automatic;
				CURRENT_PROJECT_VERSION = 1;
				GENERATE_INFOPLIST_FILE = YES;
				INFOPLIST_FILE = DayAt/Info.plist;
				INFOPLIST_KEY_UIApplicationSupportsIndirectInputEvents = YES;
				INFOPLIST_KEY_UILaunchStoryboardName = LaunchScreen;
				INFOPLIST_KEY_UIMainStoryboardFile = Main;
				INFOPLIST_KEY_UISupportedInterfaceOrientations_iPad = "UIInterfaceOrientationPortrait UIInterfaceOrientationPortraitUpsideDown UIInterfaceOrientationLandscapeLeft UIInterfaceOrientationLandscapeRight";
				INFOPLIST_KEY_UISupportedInterfaceOrientations_iPhone = "UIInterfaceOrientationPortrait UIInterfaceOrientationLandscapeLeft UIInterfaceOrientationLandscapeRight";
				IPHONEOS_DEPLOYMENT_TARGET = 14.0;
				LD_RUNPATH_SEARCH_PATHS = (
					"$(inherited)",
					"@executable_path/Frameworks",
				);
				MARKETING_VERSION = 1.0;
				PRODUCT_BUNDLE_IDENTIFIER = kr.co.hemg2.DayAt;
				PRODUCT_NAME = "$(TARGET_NAME)";
				SWIFT_EMIT_LOC_STRINGS = YES;
				SWIFT_VERSION = 5.0;
				TARGETED_DEVICE_FAMILY = "1,2";
			};
			name = Release;
		};
/* End XCBuildConfiguration section */

/* Begin XCConfigurationList section */
		63BEC06D290A0B02006487BC /* Build configuration list for PBXProject "DayAt" */ = {
			isa = XCConfigurationList;
			buildConfigurations = (
				63BEC084290A0B04006487BC /* Debug */,
				63BEC085290A0B04006487BC /* Release */,
			);
			defaultConfigurationIsVisible = 0;
			defaultConfigurationName = Release;
		};
		63BEC086290A0B04006487BC /* Build configuration list for PBXNativeTarget "DayAt" */ = {
			isa = XCConfigurationList;
			buildConfigurations = (
				63BEC087290A0B04006487BC /* Debug */,
				63BEC088290A0B04006487BC /* Release */,
			);
			defaultConfigurationIsVisible = 0;
			defaultConfigurationName = Release;
		};
/* End XCConfigurationList section */
	};
	rootObject = 63BEC06A290A0B02006487BC /* Project object */;
}
