// !$*UTF8*$!
{
	archiveVersion = 1;
	classes = {
	};
	objectVersion = 56;
	objects = {

/* Begin PBXBuildFile section */
		6379A805291125A800E1DB6E /* AlarmViewController.swift in Sources */ = {isa = PBXBuildFile; fileRef = 6379A804291125A800E1DB6E /* AlarmViewController.swift */; };
		63BEC076290A0B02006487BC /* AppDelegate.swift in Sources */ = {isa = PBXBuildFile; fileRef = 63BEC075290A0B02006487BC /* AppDelegate.swift */; };
		63BEC078290A0B02006487BC /* SceneDelegate.swift in Sources */ = {isa = PBXBuildFile; fileRef = 63BEC077290A0B02006487BC /* SceneDelegate.swift */; };
		63BEC07F290A0B04006487BC /* Assets.xcassets in Resources */ = {isa = PBXBuildFile; fileRef = 63BEC07E290A0B04006487BC /* Assets.xcassets */; };
		63BEC082290A0B04006487BC /* LaunchScreen.storyboard in Resources */ = {isa = PBXBuildFile; fileRef = 63BEC080290A0B04006487BC /* LaunchScreen.storyboard */; };
		63BEC08B290A0E41006487BC /* MainViewController.swift in Sources */ = {isa = PBXBuildFile; fileRef = 63BEC08A290A0E41006487BC /* MainViewController.swift */; };
		63BEC08D290A0E89006487BC /* MainTableViewCell.swift in Sources */ = {isa = PBXBuildFile; fileRef = 63BEC08C290A0E89006487BC /* MainTableViewCell.swift */; };
		63BEC090290A0FBD006487BC /* AddViewController.swift in Sources */ = {isa = PBXBuildFile; fileRef = 63BEC08F290A0FBD006487BC /* AddViewController.swift */; };
		63BEC093290A1EEC006487BC /* TitleModel.swift in Sources */ = {isa = PBXBuildFile; fileRef = 63BEC092290A1EEC006487BC /* TitleModel.swift */; };
		63BEC095290A6A22006487BC /* MenuCell.swift in Sources */ = {isa = PBXBuildFile; fileRef = 63BEC094290A6A22006487BC /* MenuCell.swift */; };
		63BEC097290A6F35006487BC /* TitleCell.swift in Sources */ = {isa = PBXBuildFile; fileRef = 63BEC096290A6F35006487BC /* TitleCell.swift */; };
		63BEC099290A6F59006487BC /* DayCell.swift in Sources */ = {isa = PBXBuildFile; fileRef = 63BEC098290A6F59006487BC /* DayCell.swift */; };
		63BEC09C290BBE87006487BC /* TermCell.swift in Sources */ = {isa = PBXBuildFile; fileRef = 63BEC09B290BBE87006487BC /* TermCell.swift */; };
		63BEC09E290BBE9E006487BC /* EverydayCell.swift in Sources */ = {isa = PBXBuildFile; fileRef = 63BEC09D290BBE9E006487BC /* EverydayCell.swift */; };
		63BEC0A0290BBEFB006487BC /* SetCell.swift in Sources */ = {isa = PBXBuildFile; fileRef = 63BEC09F290BBEFB006487BC /* SetCell.swift */; };
		63BEC0A2290BBF11006487BC /* AlarmCell.swift in Sources */ = {isa = PBXBuildFile; fileRef = 63BEC0A1290BBF11006487BC /* AlarmCell.swift */; };
		63BEC0A4290BBF27006487BC /* CharacterCell.swift in Sources */ = {isa = PBXBuildFile; fileRef = 63BEC0A3290BBF27006487BC /* CharacterCell.swift */; };
		63BEC0A7290C1A07006487BC /* MenuViewController.swift in Sources */ = {isa = PBXBuildFile; fileRef = 63BEC0A6290C1A07006487BC /* MenuViewController.swift */; };
		63BEC0AA290C1DE6006487BC /* MenuSetCell.swift in Sources */ = {isa = PBXBuildFile; fileRef = 63BEC0A9290C1DE6006487BC /* MenuSetCell.swift */; };
		63BEC0AC290CD700006487BC /* MenuBuyCell.swift in Sources */ = {isa = PBXBuildFile; fileRef = 63BEC0AB290CD700006487BC /* MenuBuyCell.swift */; };
		63BEC0AE290CD722006487BC /* menuSupportCell.swift in Sources */ = {isa = PBXBuildFile; fileRef = 63BEC0AD290CD722006487BC /* menuSupportCell.swift */; };
		63BEC0B0290CD73B006487BC /* MenuUseCell.swift in Sources */ = {isa = PBXBuildFile; fileRef = 63BEC0AF290CD73B006487BC /* MenuUseCell.swift */; };
		63BEC0B3290E4487006487BC /* SetViewController.swift in Sources */ = {isa = PBXBuildFile; fileRef = 63BEC0B2290E4487006487BC /* SetViewController.swift */; };
		63BEC0B5290E44C2006487BC /* TestGrayViewController.swift in Sources */ = {isa = PBXBuildFile; fileRef = 63BEC0B4290E44C2006487BC /* TestGrayViewController.swift */; };
		63BEC0B7290E467B006487BC /* SupportViewController.swift in Sources */ = {isa = PBXBuildFile; fileRef = 63BEC0B6290E467B006487BC /* SupportViewController.swift */; };
		63BEC0B9290E4910006487BC /* SetTableViewCell.swift in Sources */ = {isa = PBXBuildFile; fileRef = 63BEC0B8290E4910006487BC /* SetTableViewCell.swift */; };
		63BEC0BD290E4948006487BC /* SupportTableViewCell.swift in Sources */ = {isa = PBXBuildFile; fileRef = 63BEC0BC290E4948006487BC /* SupportTableViewCell.swift */; };
		63BEC0C1290E66AC006487BC /* OpinionTableViewCell.swift in Sources */ = {isa = PBXBuildFile; fileRef = 63BEC0C0290E66AC006487BC /* OpinionTableViewCell.swift */; };
		63BEC0C3290E66C1006487BC /* FacebookTableViewCell.swift in Sources */ = {isa = PBXBuildFile; fileRef = 63BEC0C2290E66C1006487BC /* FacebookTableViewCell.swift */; };
		63BEC0C5290E66CE006487BC /* InstagramTableViewCell.swift in Sources */ = {isa = PBXBuildFile; fileRef = 63BEC0C4290E66CE006487BC /* InstagramTableViewCell.swift */; };
		63BEC0C7290E66E1006487BC /* TranslationTableViewCell.swift in Sources */ = {isa = PBXBuildFile; fileRef = 63BEC0C6290E66E1006487BC /* TranslationTableViewCell.swift */; };
		63BEC0C9290EB888006487BC /* DataBackUpTableViewCell.swift in Sources */ = {isa = PBXBuildFile; fileRef = 63BEC0C8290EB888006487BC /* DataBackUpTableViewCell.swift */; };
		8BEDF6F67DD2536FE37334DC /* Pods_DayAt.framework in Frameworks */ = {isa = PBXBuildFile; fileRef = 4D25EF7D925AD25151370561 /* Pods_DayAt.framework */; };
/* End PBXBuildFile section */

/* Begin PBXFileReference section */
		4D25EF7D925AD25151370561 /* Pods_DayAt.framework */ = {isa = PBXFileReference; explicitFileType = wrapper.framework; includeInIndex = 0; path = Pods_DayAt.framework; sourceTree = BUILT_PRODUCTS_DIR; };
		6379A804291125A800E1DB6E /* AlarmViewController.swift */ = {isa = PBXFileReference; lastKnownFileType = sourcecode.swift; path = AlarmViewController.swift; sourceTree = "<group>"; };
		63BEC072290A0B02006487BC /* DayAt.app */ = {isa = PBXFileReference; explicitFileType = wrapper.application; includeInIndex = 0; path = DayAt.app; sourceTree = BUILT_PRODUCTS_DIR; };
		63BEC075290A0B02006487BC /* AppDelegate.swift */ = {isa = PBXFileReference; lastKnownFileType = sourcecode.swift; path = AppDelegate.swift; sourceTree = "<group>"; };
		63BEC077290A0B02006487BC /* SceneDelegate.swift */ = {isa = PBXFileReference; lastKnownFileType = sourcecode.swift; path = SceneDelegate.swift; sourceTree = "<group>"; };
		63BEC07E290A0B04006487BC /* Assets.xcassets */ = {isa = PBXFileReference; lastKnownFileType = folder.assetcatalog; path = Assets.xcassets; sourceTree = "<group>"; };
		63BEC081290A0B04006487BC /* Base */ = {isa = PBXFileReference; lastKnownFileType = file.storyboard; name = Base; path = Base.lproj/LaunchScreen.storyboard; sourceTree = "<group>"; };
		63BEC083290A0B04006487BC /* Info.plist */ = {isa = PBXFileReference; lastKnownFileType = text.plist.xml; path = Info.plist; sourceTree = "<group>"; };
		63BEC08A290A0E41006487BC /* MainViewController.swift */ = {isa = PBXFileReference; lastKnownFileType = sourcecode.swift; path = MainViewController.swift; sourceTree = "<group>"; };
		63BEC08C290A0E89006487BC /* MainTableViewCell.swift */ = {isa = PBXFileReference; lastKnownFileType = sourcecode.swift; path = MainTableViewCell.swift; sourceTree = "<group>"; };
		63BEC08F290A0FBD006487BC /* AddViewController.swift */ = {isa = PBXFileReference; lastKnownFileType = sourcecode.swift; path = AddViewController.swift; sourceTree = "<group>"; };
		63BEC092290A1EEC006487BC /* TitleModel.swift */ = {isa = PBXFileReference; lastKnownFileType = sourcecode.swift; path = TitleModel.swift; sourceTree = "<group>"; };
		63BEC094290A6A22006487BC /* MenuCell.swift */ = {isa = PBXFileReference; lastKnownFileType = sourcecode.swift; path = MenuCell.swift; sourceTree = "<group>"; };
		63BEC096290A6F35006487BC /* TitleCell.swift */ = {isa = PBXFileReference; lastKnownFileType = sourcecode.swift; path = TitleCell.swift; sourceTree = "<group>"; };
		63BEC098290A6F59006487BC /* DayCell.swift */ = {isa = PBXFileReference; lastKnownFileType = sourcecode.swift; path = DayCell.swift; sourceTree = "<group>"; };
		63BEC09B290BBE87006487BC /* TermCell.swift */ = {isa = PBXFileReference; lastKnownFileType = sourcecode.swift; path = TermCell.swift; sourceTree = "<group>"; };
		63BEC09D290BBE9E006487BC /* EverydayCell.swift */ = {isa = PBXFileReference; lastKnownFileType = sourcecode.swift; path = EverydayCell.swift; sourceTree = "<group>"; };
		63BEC09F290BBEFB006487BC /* SetCell.swift */ = {isa = PBXFileReference; lastKnownFileType = sourcecode.swift; path = SetCell.swift; sourceTree = "<group>"; };
		63BEC0A1290BBF11006487BC /* AlarmCell.swift */ = {isa = PBXFileReference; lastKnownFileType = sourcecode.swift; path = AlarmCell.swift; sourceTree = "<group>"; };
		63BEC0A3290BBF27006487BC /* CharacterCell.swift */ = {isa = PBXFileReference; lastKnownFileType = sourcecode.swift; path = CharacterCell.swift; sourceTree = "<group>"; };
		63BEC0A6290C1A07006487BC /* MenuViewController.swift */ = {isa = PBXFileReference; lastKnownFileType = sourcecode.swift; path = MenuViewController.swift; sourceTree = "<group>"; };
		63BEC0A9290C1DE6006487BC /* MenuSetCell.swift */ = {isa = PBXFileReference; lastKnownFileType = sourcecode.swift; path = MenuSetCell.swift; sourceTree = "<group>"; };
		63BEC0AB290CD700006487BC /* MenuBuyCell.swift */ = {isa = PBXFileReference; lastKnownFileType = sourcecode.swift; path = MenuBuyCell.swift; sourceTree = "<group>"; };
		63BEC0AD290CD722006487BC /* menuSupportCell.swift */ = {isa = PBXFileReference; lastKnownFileType = sourcecode.swift; path = menuSupportCell.swift; sourceTree = "<group>"; };
		63BEC0AF290CD73B006487BC /* MenuUseCell.swift */ = {isa = PBXFileReference; lastKnownFileType = sourcecode.swift; path = MenuUseCell.swift; sourceTree = "<group>"; };
		63BEC0B2290E4487006487BC /* SetViewController.swift */ = {isa = PBXFileReference; lastKnownFileType = sourcecode.swift; path = SetViewController.swift; sourceTree = "<group>"; };
		63BEC0B4290E44C2006487BC /* TestGrayViewController.swift */ = {isa = PBXFileReference; lastKnownFileType = sourcecode.swift; path = TestGrayViewController.swift; sourceTree = "<group>"; };
		63BEC0B6290E467B006487BC /* SupportViewController.swift */ = {isa = PBXFileReference; lastKnownFileType = sourcecode.swift; path = SupportViewController.swift; sourceTree = "<group>"; };
		63BEC0B8290E4910006487BC /* SetTableViewCell.swift */ = {isa = PBXFileReference; lastKnownFileType = sourcecode.swift; path = SetTableViewCell.swift; sourceTree = "<group>"; };
		63BEC0BC290E4948006487BC /* SupportTableViewCell.swift */ = {isa = PBXFileReference; lastKnownFileType = sourcecode.swift; path = SupportTableViewCell.swift; sourceTree = "<group>"; };
		63BEC0C0290E66AC006487BC /* OpinionTableViewCell.swift */ = {isa = PBXFileReference; lastKnownFileType = sourcecode.swift; path = OpinionTableViewCell.swift; sourceTree = "<group>"; };
		63BEC0C2290E66C1006487BC /* FacebookTableViewCell.swift */ = {isa = PBXFileReference; lastKnownFileType = sourcecode.swift; path = FacebookTableViewCell.swift; sourceTree = "<group>"; };
		63BEC0C4290E66CE006487BC /* InstagramTableViewCell.swift */ = {isa = PBXFileReference; lastKnownFileType = sourcecode.swift; path = InstagramTableViewCell.swift; sourceTree = "<group>"; };
		63BEC0C6290E66E1006487BC /* TranslationTableViewCell.swift */ = {isa = PBXFileReference; lastKnownFileType = sourcecode.swift; path = TranslationTableViewCell.swift; sourceTree = "<group>"; };
		63BEC0C8290EB888006487BC /* DataBackUpTableViewCell.swift */ = {isa = PBXFileReference; lastKnownFileType = sourcecode.swift; path = DataBackUpTableViewCell.swift; sourceTree = "<group>"; };
		A1A6C1D8DBD6EA670726AC8B /* Pods-DayAt.debug.xcconfig */ = {isa = PBXFileReference; includeInIndex = 1; lastKnownFileType = text.xcconfig; name = "Pods-DayAt.debug.xcconfig"; path = "Target Support Files/Pods-DayAt/Pods-DayAt.debug.xcconfig"; sourceTree = "<group>"; };
		AA21BD9332694E9275BC6242 /* Pods-DayAt.release.xcconfig */ = {isa = PBXFileReference; includeInIndex = 1; lastKnownFileType = text.xcconfig; name = "Pods-DayAt.release.xcconfig"; path = "Target Support Files/Pods-DayAt/Pods-DayAt.release.xcconfig"; sourceTree = "<group>"; };
/* End PBXFileReference section */

/* Begin PBXFrameworksBuildPhase section */
		63BEC06F290A0B02006487BC /* Frameworks */ = {
			isa = PBXFrameworksBuildPhase;
			buildActionMask = 2147483647;
			files = (
				8BEDF6F67DD2536FE37334DC /* Pods_DayAt.framework in Frameworks */,
			);
			runOnlyForDeploymentPostprocessing = 0;
		};
/* End PBXFrameworksBuildPhase section */

/* Begin PBXGroup section */
		42E8E3FC74C0AF683FA69724 /* Frameworks */ = {
			isa = PBXGroup;
			children = (
				4D25EF7D925AD25151370561 /* Pods_DayAt.framework */,
			);
			name = Frameworks;
			sourceTree = "<group>";
		};
		6379A8032911258C00E1DB6E /* AlarmView */ = {
			isa = PBXGroup;
			children = (
				6379A804291125A800E1DB6E /* AlarmViewController.swift */,
			);
			path = AlarmView;
			sourceTree = "<group>";
		};
		6379A806291268BF00E1DB6E /* MainCell */ = {
			isa = PBXGroup;
			children = (
				63BEC08C290A0E89006487BC /* MainTableViewCell.swift */,
			);
			path = MainCell;
			sourceTree = "<group>";
		};
		63BEC069290A0B02006487BC = {
			isa = PBXGroup;
			children = (
				63BEC091290A1EE2006487BC /* Model */,
				63BEC089290A0E0C006487BC /* MainView */,
				63BEC08E290A0FA6006487BC /* AddDdayView */,
				63BEC0B1290E445B006487BC /* SetView */,
				63BEC0A5290C19E4006487BC /* MenuView */,
				63BEC074290A0B02006487BC /* DayAt */,
				63BEC073290A0B02006487BC /* Products */,
				819F48578A97B9F2E28D83AD /* Pods */,
				42E8E3FC74C0AF683FA69724 /* Frameworks */,
			);
			sourceTree = "<group>";
		};
		63BEC073290A0B02006487BC /* Products */ = {
			isa = PBXGroup;
			children = (
				63BEC072290A0B02006487BC /* DayAt.app */,
			);
			name = Products;
			sourceTree = "<group>";
		};
		63BEC074290A0B02006487BC /* DayAt */ = {
			isa = PBXGroup;
			children = (
				63BEC075290A0B02006487BC /* AppDelegate.swift */,
				63BEC077290A0B02006487BC /* SceneDelegate.swift */,
				63BEC07E290A0B04006487BC /* Assets.xcassets */,
				63BEC080290A0B04006487BC /* LaunchScreen.storyboard */,
				63BEC083290A0B04006487BC /* Info.plist */,
			);
			path = DayAt;
			sourceTree = "<group>";
		};
		63BEC089290A0E0C006487BC /* MainView */ = {
			isa = PBXGroup;
			children = (
				63BEC08A290A0E41006487BC /* MainViewController.swift */,
				6379A806291268BF00E1DB6E /* MainCell */,
			);
			path = MainView;
			sourceTree = "<group>";
		};
		63BEC08E290A0FA6006487BC /* AddDdayView */ = {
			isa = PBXGroup;
			children = (
				63BEC08F290A0FBD006487BC /* AddViewController.swift */,
				63BEC09A290BBE69006487BC /* Cell */,
			);
			path = AddDdayView;
			sourceTree = "<group>";
		};
		63BEC091290A1EE2006487BC /* Model */ = {
			isa = PBXGroup;
			children = (
				63BEC092290A1EEC006487BC /* TitleModel.swift */,
			);
			path = Model;
			sourceTree = "<group>";
		};
		63BEC09A290BBE69006487BC /* Cell */ = {
			isa = PBXGroup;
			children = (
				63BEC094290A6A22006487BC /* MenuCell.swift */,
				63BEC096290A6F35006487BC /* TitleCell.swift */,
				63BEC098290A6F59006487BC /* DayCell.swift */,
				63BEC09B290BBE87006487BC /* TermCell.swift */,
				63BEC09D290BBE9E006487BC /* EverydayCell.swift */,
				63BEC09F290BBEFB006487BC /* SetCell.swift */,
				63BEC0A1290BBF11006487BC /* AlarmCell.swift */,
				63BEC0A3290BBF27006487BC /* CharacterCell.swift */,
				6379A8032911258C00E1DB6E /* AlarmView */,
			);
			path = Cell;
			sourceTree = "<group>";
		};
		63BEC0A5290C19E4006487BC /* MenuView */ = {
			isa = PBXGroup;
			children = (
				63BEC0A6290C1A07006487BC /* MenuViewController.swift */,
				63BEC0A8290C1DCB006487BC /* MenuCell */,
			);
			path = MenuView;
			sourceTree = "<group>";
		};
		63BEC0A8290C1DCB006487BC /* MenuCell */ = {
			isa = PBXGroup;
			children = (
				63BEC0A9290C1DE6006487BC /* MenuSetCell.swift */,
				63BEC0AD290CD722006487BC /* menuSupportCell.swift */,
				63BEC0AB290CD700006487BC /* MenuBuyCell.swift */,
				63BEC0AF290CD73B006487BC /* MenuUseCell.swift */,
			);
			path = MenuCell;
			sourceTree = "<group>";
		};
		63BEC0B1290E445B006487BC /* SetView */ = {
			isa = PBXGroup;
			children = (
				63BEC0BA290E4915006487BC /* SetView */,
				63BEC0BB290E4930006487BC /* Support */,
				63BEC0B6290E467B006487BC /* SupportViewController.swift */,
			);
			path = SetView;
			sourceTree = "<group>";
		};
		63BEC0BA290E4915006487BC /* SetView */ = {
			isa = PBXGroup;
			children = (
				63BEC0B2290E4487006487BC /* SetViewController.swift */,
				63BEC0B8290E4910006487BC /* SetTableViewCell.swift */,
				63BEC0C8290EB888006487BC /* DataBackUpTableViewCell.swift */,
			);
			path = SetView;
			sourceTree = "<group>";
		};
		63BEC0BB290E4930006487BC /* Support */ = {
			isa = PBXGroup;
			children = (
				63BEC0B4290E44C2006487BC /* TestGrayViewController.swift */,
				63BEC0BF290E667C006487BC /* Cell */,
			);
			path = Support;
			sourceTree = "<group>";
		};
		63BEC0BF290E667C006487BC /* Cell */ = {
			isa = PBXGroup;
			children = (
				63BEC0BC290E4948006487BC /* SupportTableViewCell.swift */,
				63BEC0C0290E66AC006487BC /* OpinionTableViewCell.swift */,
				63BEC0C2290E66C1006487BC /* FacebookTableViewCell.swift */,
				63BEC0C4290E66CE006487BC /* InstagramTableViewCell.swift */,
				63BEC0C6290E66E1006487BC /* TranslationTableViewCell.swift */,
			);
			path = Cell;
			sourceTree = "<group>";
		};
		819F48578A97B9F2E28D83AD /* Pods */ = {
			isa = PBXGroup;
			children = (
				A1A6C1D8DBD6EA670726AC8B /* Pods-DayAt.debug.xcconfig */,
				AA21BD9332694E9275BC6242 /* Pods-DayAt.release.xcconfig */,
			);
			path = Pods;
			sourceTree = "<group>";
		};
/* End PBXGroup section */

/* Begin PBXNativeTarget section */
		63BEC071290A0B02006487BC /* DayAt */ = {
			isa = PBXNativeTarget;
			buildConfigurationList = 63BEC086290A0B04006487BC /* Build configuration list for PBXNativeTarget "DayAt" */;
			buildPhases = (
				199350A08ACF62CC74E45F06 /* [CP] Check Pods Manifest.lock */,
				63BEC06E290A0B02006487BC /* Sources */,
				63BEC06F290A0B02006487BC /* Frameworks */,
				63BEC070290A0B02006487BC /* Resources */,
				5E1026DB223318C2C52749B0 /* [CP] Embed Pods Frameworks */,
			);
			buildRules = (
			);
			dependencies = (
			);
			name = DayAt;
			productName = DayAt;
			productReference = 63BEC072290A0B02006487BC /* DayAt.app */;
			productType = "com.apple.product-type.application";
		};
/* End PBXNativeTarget section */

/* Begin PBXProject section */
		63BEC06A290A0B02006487BC /* Project object */ = {
			isa = PBXProject;
			attributes = {
				BuildIndependentTargetsInParallel = 1;
				LastSwiftUpdateCheck = 1400;
				LastUpgradeCheck = 1400;
				TargetAttributes = {
					63BEC071290A0B02006487BC = {
						CreatedOnToolsVersion = 14.0;
					};
				};
			};
			buildConfigurationList = 63BEC06D290A0B02006487BC /* Build configuration list for PBXProject "DayAt" */;
			compatibilityVersion = "Xcode 14.0";
			developmentRegion = en;
			hasScannedForEncodings = 0;
			knownRegions = (
				en,
				Base,
			);
			mainGroup = 63BEC069290A0B02006487BC;
			productRefGroup = 63BEC073290A0B02006487BC /* Products */;
			projectDirPath = "";
			projectRoot = "";
			targets = (
				63BEC071290A0B02006487BC /* DayAt */,
			);
		};
/* End PBXProject section */

/* Begin PBXResourcesBuildPhase section */
		63BEC070290A0B02006487BC /* Resources */ = {
			isa = PBXResourcesBuildPhase;
			buildActionMask = 2147483647;
			files = (
				63BEC082290A0B04006487BC /* LaunchScreen.storyboard in Resources */,
				63BEC07F290A0B04006487BC /* Assets.xcassets in Resources */,
			);
			runOnlyForDeploymentPostprocessing = 0;
		};
/* End PBXResourcesBuildPhase section */

/* Begin PBXShellScriptBuildPhase section */
		199350A08ACF62CC74E45F06 /* [CP] Check Pods Manifest.lock */ = {
			isa = PBXShellScriptBuildPhase;
			buildActionMask = 2147483647;
			files = (
			);
			inputFileListPaths = (
			);
			inputPaths = (
				"${PODS_PODFILE_DIR_PATH}/Podfile.lock",
				"${PODS_ROOT}/Manifest.lock",
			);
			name = "[CP] Check Pods Manifest.lock";
			outputFileListPaths = (
			);
			outputPaths = (
				"$(DERIVED_FILE_DIR)/Pods-DayAt-checkManifestLockResult.txt",
			);
			runOnlyForDeploymentPostprocessing = 0;
			shellPath = /bin/sh;
			shellScript = "diff \"${PODS_PODFILE_DIR_PATH}/Podfile.lock\" \"${PODS_ROOT}/Manifest.lock\" > /dev/null\nif [ $? != 0 ] ; then\n    # print error to STDERR\n    echo \"error: The sandbox is not in sync with the Podfile.lock. Run 'pod install' or update your CocoaPods installation.\" >&2\n    exit 1\nfi\n# This output is used by Xcode 'outputs' to avoid re-running this script phase.\necho \"SUCCESS\" > \"${SCRIPT_OUTPUT_FILE_0}\"\n";
			showEnvVarsInLog = 0;
		};
		5E1026DB223318C2C52749B0 /* [CP] Embed Pods Frameworks */ = {
			isa = PBXShellScriptBuildPhase;
			buildActionMask = 2147483647;
			files = (
			);
			inputFileListPaths = (
				"${PODS_ROOT}/Target Support Files/Pods-DayAt/Pods-DayAt-frameworks-${CONFIGURATION}-input-files.xcfilelist",
			);
			name = "[CP] Embed Pods Frameworks";
			outputFileListPaths = (
				"${PODS_ROOT}/Target Support Files/Pods-DayAt/Pods-DayAt-frameworks-${CONFIGURATION}-output-files.xcfilelist",
			);
			runOnlyForDeploymentPostprocessing = 0;
			shellPath = /bin/sh;
			shellScript = "\"${PODS_ROOT}/Target Support Files/Pods-DayAt/Pods-DayAt-frameworks.sh\"\n";
			showEnvVarsInLog = 0;
		};
/* End PBXShellScriptBuildPhase section */

/* Begin PBXSourcesBuildPhase section */
		63BEC06E290A0B02006487BC /* Sources */ = {
			isa = PBXSourcesBuildPhase;
			buildActionMask = 2147483647;
			files = (
				63BEC0B9290E4910006487BC /* SetTableViewCell.swift in Sources */,
				63BEC0B3290E4487006487BC /* SetViewController.swift in Sources */,
				63BEC09E290BBE9E006487BC /* EverydayCell.swift in Sources */,
				63BEC097290A6F35006487BC /* TitleCell.swift in Sources */,
				63BEC0B5290E44C2006487BC /* TestGrayViewController.swift in Sources */,
				63BEC0C3290E66C1006487BC /* FacebookTableViewCell.swift in Sources */,
				63BEC08B290A0E41006487BC /* MainViewController.swift in Sources */,
				63BEC0AE290CD722006487BC /* menuSupportCell.swift in Sources */,
				63BEC0C5290E66CE006487BC /* InstagramTableViewCell.swift in Sources */,
				63BEC099290A6F59006487BC /* DayCell.swift in Sources */,
				63BEC076290A0B02006487BC /* AppDelegate.swift in Sources */,
				63BEC0B7290E467B006487BC /* SupportViewController.swift in Sources */,
				63BEC08D290A0E89006487BC /* MainTableViewCell.swift in Sources */,
				63BEC09C290BBE87006487BC /* TermCell.swift in Sources */,
				63BEC0A4290BBF27006487BC /* CharacterCell.swift in Sources */,
				63BEC0BD290E4948006487BC /* SupportTableViewCell.swift in Sources */,
				63BEC0AC290CD700006487BC /* MenuBuyCell.swift in Sources */,
				63BEC0C9290EB888006487BC /* DataBackUpTableViewCell.swift in Sources */,
				63BEC093290A1EEC006487BC /* TitleModel.swift in Sources */,
				63BEC0A7290C1A07006487BC /* MenuViewController.swift in Sources */,
				6379A805291125A800E1DB6E /* AlarmViewController.swift in Sources */,
				63BEC0C7290E66E1006487BC /* TranslationTableViewCell.swift in Sources */,
				63BEC090290A0FBD006487BC /* AddViewController.swift in Sources */,
				63BEC0C1290E66AC006487BC /* OpinionTableViewCell.swift in Sources */,
				63BEC0A2290BBF11006487BC /* AlarmCell.swift in Sources */,
				63BEC095290A6A22006487BC /* MenuCell.swift in Sources */,
				63BEC0B0290CD73B006487BC /* MenuUseCell.swift in Sources */,
				63BEC0A0290BBEFB006487BC /* SetCell.swift in Sources */,
				63BEC0AA290C1DE6006487BC /* MenuSetCell.swift in Sources */,
				63BEC078290A0B02006487BC /* SceneDelegate.swift in Sources */,
			);
			runOnlyForDeploymentPostprocessing = 0;
		};
/* End PBXSourcesBuildPhase section */

/* Begin PBXVariantGroup section */
		63BEC080290A0B04006487BC /* LaunchScreen.storyboard */ = {
			isa = PBXVariantGroup;
			children = (
				63BEC081290A0B04006487BC /* Base */,
			);
			name = LaunchScreen.storyboard;
			sourceTree = "<group>";
		};
/* End PBXVariantGroup section */

/* Begin XCBuildConfiguration section */
		63BEC084290A0B04006487BC /* Debug */ = {
			isa = XCBuildConfiguration;
			buildSettings = {
				ALWAYS_SEARCH_USER_PATHS = NO;
				CLANG_ANALYZER_NONNULL = YES;
				CLANG_ANALYZER_NUMBER_OBJECT_CONVERSION = YES_AGGRESSIVE;
				CLANG_CXX_LANGUAGE_STANDARD = "gnu++20";
				CLANG_ENABLE_MODULES = YES;
				CLANG_ENABLE_OBJC_ARC = YES;
				CLANG_ENABLE_OBJC_WEAK = YES;
				CLANG_WARN_BLOCK_CAPTURE_AUTORELEASING = YES;
				CLANG_WARN_BOOL_CONVERSION = YES;
				CLANG_WARN_COMMA = YES;
				CLANG_WARN_CONSTANT_CONVERSION = YES;
				CLANG_WARN_DEPRECATED_OBJC_IMPLEMENTATIONS = YES;
				CLANG_WARN_DIRECT_OBJC_ISA_USAGE = YES_ERROR;
				CLANG_WARN_DOCUMENTATION_COMMENTS = YES;
				CLANG_WARN_EMPTY_BODY = YES;
				CLANG_WARN_ENUM_CONVERSION = YES;
				CLANG_WARN_INFINITE_RECURSION = YES;
				CLANG_WARN_INT_CONVERSION = YES;
				CLANG_WARN_NON_LITERAL_NULL_CONVERSION = YES;
				CLANG_WARN_OBJC_IMPLICIT_RETAIN_SELF = YES;
				CLANG_WARN_OBJC_LITERAL_CONVERSION = YES;
				CLANG_WARN_OBJC_ROOT_CLASS = YES_ERROR;
				CLANG_WARN_QUOTED_INCLUDE_IN_FRAMEWORK_HEADER = YES;
				CLANG_WARN_RANGE_LOOP_ANALYSIS = YES;
				CLANG_WARN_STRICT_PROTOTYPES = YES;
				CLANG_WARN_SUSPICIOUS_MOVE = YES;
				CLANG_WARN_UNGUARDED_AVAILABILITY = YES_AGGRESSIVE;
				CLANG_WARN_UNREACHABLE_CODE = YES;
				CLANG_WARN__DUPLICATE_METHOD_MATCH = YES;
				COPY_PHASE_STRIP = NO;
				DEBUG_INFORMATION_FORMAT = dwarf;
				ENABLE_STRICT_OBJC_MSGSEND = YES;
				ENABLE_TESTABILITY = YES;
				GCC_C_LANGUAGE_STANDARD = gnu11;
				GCC_DYNAMIC_NO_PIC = NO;
				GCC_NO_COMMON_BLOCKS = YES;
				GCC_OPTIMIZATION_LEVEL = 0;
				GCC_PREPROCESSOR_DEFINITIONS = (
					"DEBUG=1",
					"$(inherited)",
				);
				GCC_WARN_64_TO_32_BIT_CONVERSION = YES;
				GCC_WARN_ABOUT_RETURN_TYPE = YES_ERROR;
				GCC_WARN_UNDECLARED_SELECTOR = YES;
				GCC_WARN_UNINITIALIZED_AUTOS = YES_AGGRESSIVE;
				GCC_WARN_UNUSED_FUNCTION = YES;
				GCC_WARN_UNUSED_VARIABLE = YES;
				IPHONEOS_DEPLOYMENT_TARGET = 16.0;
				MTL_ENABLE_DEBUG_INFO = INCLUDE_SOURCE;
				MTL_FAST_MATH = YES;
				ONLY_ACTIVE_ARCH = YES;
				SDKROOT = iphoneos;
				SWIFT_ACTIVE_COMPILATION_CONDITIONS = DEBUG;
				SWIFT_OPTIMIZATION_LEVEL = "-Onone";
			};
			name = Debug;
		};
		63BEC085290A0B04006487BC /* Release */ = {
			isa = XCBuildConfiguration;
			buildSettings = {
				ALWAYS_SEARCH_USER_PATHS = NO;
				CLANG_ANALYZER_NONNULL = YES;
				CLANG_ANALYZER_NUMBER_OBJECT_CONVERSION = YES_AGGRESSIVE;
				CLANG_CXX_LANGUAGE_STANDARD = "gnu++20";
				CLANG_ENABLE_MODULES = YES;
				CLANG_ENABLE_OBJC_ARC = YES;
				CLANG_ENABLE_OBJC_WEAK = YES;
				CLANG_WARN_BLOCK_CAPTURE_AUTORELEASING = YES;
				CLANG_WARN_BOOL_CONVERSION = YES;
				CLANG_WARN_COMMA = YES;
				CLANG_WARN_CONSTANT_CONVERSION = YES;
				CLANG_WARN_DEPRECATED_OBJC_IMPLEMENTATIONS = YES;
				CLANG_WARN_DIRECT_OBJC_ISA_USAGE = YES_ERROR;
				CLANG_WARN_DOCUMENTATION_COMMENTS = YES;
				CLANG_WARN_EMPTY_BODY = YES;
				CLANG_WARN_ENUM_CONVERSION = YES;
				CLANG_WARN_INFINITE_RECURSION = YES;
				CLANG_WARN_INT_CONVERSION = YES;
				CLANG_WARN_NON_LITERAL_NULL_CONVERSION = YES;
				CLANG_WARN_OBJC_IMPLICIT_RETAIN_SELF = YES;
				CLANG_WARN_OBJC_LITERAL_CONVERSION = YES;
				CLANG_WARN_OBJC_ROOT_CLASS = YES_ERROR;
				CLANG_WARN_QUOTED_INCLUDE_IN_FRAMEWORK_HEADER = YES;
				CLANG_WARN_RANGE_LOOP_ANALYSIS = YES;
				CLANG_WARN_STRICT_PROTOTYPES = YES;
				CLANG_WARN_SUSPICIOUS_MOVE = YES;
				CLANG_WARN_UNGUARDED_AVAILABILITY = YES_AGGRESSIVE;
				CLANG_WARN_UNREACHABLE_CODE = YES;
				CLANG_WARN__DUPLICATE_METHOD_MATCH = YES;
				COPY_PHASE_STRIP = NO;
				DEBUG_INFORMATION_FORMAT = "dwarf-with-dsym";
				ENABLE_NS_ASSERTIONS = NO;
				ENABLE_STRICT_OBJC_MSGSEND = YES;
				GCC_C_LANGUAGE_STANDARD = gnu11;
				GCC_NO_COMMON_BLOCKS = YES;
				GCC_WARN_64_TO_32_BIT_CONVERSION = YES;
				GCC_WARN_ABOUT_RETURN_TYPE = YES_ERROR;
				GCC_WARN_UNDECLARED_SELECTOR = YES;
				GCC_WARN_UNINITIALIZED_AUTOS = YES_AGGRESSIVE;
				GCC_WARN_UNUSED_FUNCTION = YES;
				GCC_WARN_UNUSED_VARIABLE = YES;
				IPHONEOS_DEPLOYMENT_TARGET = 16.0;
				MTL_ENABLE_DEBUG_INFO = NO;
				MTL_FAST_MATH = YES;
				SDKROOT = iphoneos;
				SWIFT_COMPILATION_MODE = wholemodule;
				SWIFT_OPTIMIZATION_LEVEL = "-O";
				VALIDATE_PRODUCT = YES;
			};
			name = Release;
		};
		63BEC087290A0B04006487BC /* Debug */ = {
			isa = XCBuildConfiguration;
			baseConfigurationReference = A1A6C1D8DBD6EA670726AC8B /* Pods-DayAt.debug.xcconfig */;
			buildSettings = {
				ASSETCATALOG_COMPILER_APPICON_NAME = AppIcon;
				ASSETCATALOG_COMPILER_GLOBAL_ACCENT_COLOR_NAME = AccentColor;
				CODE_SIGN_STYLE = Automatic;
				CURRENT_PROJECT_VERSION = 1;
				GENERATE_INFOPLIST_FILE = YES;
				INFOPLIST_FILE = DayAt/Info.plist;
				INFOPLIST_KEY_UIApplicationSupportsIndirectInputEvents = YES;
				INFOPLIST_KEY_UILaunchStoryboardName = LaunchScreen;
				INFOPLIST_KEY_UISupportedInterfaceOrientations_iPad = "UIInterfaceOrientationPortrait UIInterfaceOrientationPortraitUpsideDown UIInterfaceOrientationLandscapeLeft UIInterfaceOrientationLandscapeRight";
				INFOPLIST_KEY_UISupportedInterfaceOrientations_iPhone = "UIInterfaceOrientationPortrait UIInterfaceOrientationLandscapeLeft UIInterfaceOrientationLandscapeRight";
				IPHONEOS_DEPLOYMENT_TARGET = 14.0;
				LD_RUNPATH_SEARCH_PATHS = (
					"$(inherited)",
					"@executable_path/Frameworks",
				);
				MARKETING_VERSION = 1.0;
				PRODUCT_BUNDLE_IDENTIFIER = kr.co.hemg2.DayAt;
				PRODUCT_NAME = "$(TARGET_NAME)";
				SWIFT_EMIT_LOC_STRINGS = YES;
				SWIFT_VERSION = 5.0;
				TARGETED_DEVICE_FAMILY = "1,2";
			};
			name = Debug;
		};
		63BEC088290A0B04006487BC /* Release */ = {
			isa = XCBuildConfiguration;
			baseConfigurationReference = AA21BD9332694E9275BC6242 /* Pods-DayAt.release.xcconfig */;
			buildSettings = {
				ASSETCATALOG_COMPILER_APPICON_NAME = AppIcon;
				ASSETCATALOG_COMPILER_GLOBAL_ACCENT_COLOR_NAME = AccentColor;
				CODE_SIGN_STYLE = Automatic;
				CURRENT_PROJECT_VERSION = 1;
				GENERATE_INFOPLIST_FILE = YES;
				INFOPLIST_FILE = DayAt/Info.plist;
				INFOPLIST_KEY_UIApplicationSupportsIndirectInputEvents = YES;
				INFOPLIST_KEY_UILaunchStoryboardName = LaunchScreen;
				INFOPLIST_KEY_UISupportedInterfaceOrientations_iPad = "UIInterfaceOrientationPortrait UIInterfaceOrientationPortraitUpsideDown UIInterfaceOrientationLandscapeLeft UIInterfaceOrientationLandscapeRight";
				INFOPLIST_KEY_UISupportedInterfaceOrientations_iPhone = "UIInterfaceOrientationPortrait UIInterfaceOrientationLandscapeLeft UIInterfaceOrientationLandscapeRight";
				IPHONEOS_DEPLOYMENT_TARGET = 14.0;
				LD_RUNPATH_SEARCH_PATHS = (
					"$(inherited)",
					"@executable_path/Frameworks",
				);
				MARKETING_VERSION = 1.0;
				PRODUCT_BUNDLE_IDENTIFIER = kr.co.hemg2.DayAt;
				PRODUCT_NAME = "$(TARGET_NAME)";
				SWIFT_EMIT_LOC_STRINGS = YES;
				SWIFT_VERSION = 5.0;
				TARGETED_DEVICE_FAMILY = "1,2";
			};
			name = Release;
		};
/* End XCBuildConfiguration section */

/* Begin XCConfigurationList section */
		63BEC06D290A0B02006487BC /* Build configuration list for PBXProject "DayAt" */ = {
			isa = XCConfigurationList;
			buildConfigurations = (
				63BEC084290A0B04006487BC /* Debug */,
				63BEC085290A0B04006487BC /* Release */,
			);
			defaultConfigurationIsVisible = 0;
			defaultConfigurationName = Release;
		};
		63BEC086290A0B04006487BC /* Build configuration list for PBXNativeTarget "DayAt" */ = {
			isa = XCConfigurationList;
			buildConfigurations = (
				63BEC087290A0B04006487BC /* Debug */,
				63BEC088290A0B04006487BC /* Release */,
			);
			defaultConfigurationIsVisible = 0;
			defaultConfigurationName = Release;
		};
/* End XCConfigurationList section */
	};
	rootObject = 63BEC06A290A0B02006487BC /* Project object */;
}
